// !$*UTF8*$!
{
	archiveVersion = 1;
	classes = {
	};
	objectVersion = 46;
	objects = {

/* Begin PBXBuildFile section */
		091489D519220DF00040F7C5 /* Foundation.framework in Frameworks */ = {isa = PBXBuildFile; fileRef = 091489D419220DF00040F7C5 /* Foundation.framework */; };
		091489D719220DF00040F7C5 /* CoreGraphics.framework in Frameworks */ = {isa = PBXBuildFile; fileRef = 091489D619220DF00040F7C5 /* CoreGraphics.framework */; };
		091489D919220DF00040F7C5 /* UIKit.framework in Frameworks */ = {isa = PBXBuildFile; fileRef = 091489D819220DF00040F7C5 /* UIKit.framework */; };
		091489E119220DF00040F7C5 /* main.m in Sources */ = {isa = PBXBuildFile; fileRef = 091489E019220DF00040F7C5 /* main.m */; };
		091489E519220DF00040F7C5 /* SKAppDelegate.m in Sources */ = {isa = PBXBuildFile; fileRef = 091489E419220DF00040F7C5 /* SKAppDelegate.m */; };
		091489EE19220DF00040F7C5 /* SKViewController.m in Sources */ = {isa = PBXBuildFile; fileRef = 091489ED19220DF00040F7C5 /* SKViewController.m */; };
		09148A1D19224EB80040F7C5 /* SKTileView.m in Sources */ = {isa = PBXBuildFile; fileRef = 09148A1C19224EB80040F7C5 /* SKTileView.m */; };
		09148A291922B84B0040F7C5 /* SKTargetView.m in Sources */ = {isa = PBXBuildFile; fileRef = 09148A281922B84B0040F7C5 /* SKTargetView.m */; };
		09148A2C192364CE0040F7C5 /* SKStopwatchView.m in Sources */ = {isa = PBXBuildFile; fileRef = 09148A2B192364CE0040F7C5 /* SKStopwatchView.m */; };
		09148A2F1923696B0040F7C5 /* SKHUDView.m in Sources */ = {isa = PBXBuildFile; fileRef = 09148A2E1923696B0040F7C5 /* SKHUDView.m */; };
		09148A351923A7EE0040F7C5 /* SKGameData.m in Sources */ = {isa = PBXBuildFile; fileRef = 09148A341923A7EE0040F7C5 /* SKGameData.m */; };
		09148A3B1923A92A0040F7C5 /* SKGameController.m in Sources */ = {isa = PBXBuildFile; fileRef = 09148A3A1923A92A0040F7C5 /* SKGameController.m */; };
		09148A3E1923B4100040F7C5 /* SKCounterLabelView.m in Sources */ = {isa = PBXBuildFile; fileRef = 09148A3D1923B4100040F7C5 /* SKCounterLabelView.m */; };
		09148A4A1924BC840040F7C5 /* SKExplodeView.m in Sources */ = {isa = PBXBuildFile; fileRef = 09148A491924BC840040F7C5 /* SKExplodeView.m */; };
		09148A4F1924C3A10040F7C5 /* SKStarDustView.m in Sources */ = {isa = PBXBuildFile; fileRef = 09148A4E1924C3A10040F7C5 /* SKStarDustView.m */; };
		09A5B1AD19C980F500EA02BD /* SKScrabbleKeyboard.storyboard in Resources */ = {isa = PBXBuildFile; fileRef = 09A5B1AB19C980F500EA02BD /* SKScrabbleKeyboard.storyboard */; };
		09ACA51019D3360200C22FA2 /* scrabbleKeyboard.xcassets in Resources */ = {isa = PBXBuildFile; fileRef = 09ACA50F19D3360200C22FA2 /* scrabbleKeyboard.xcassets */; };
		09ACA51119D3378F00C22FA2 /* AppImages.xcassets in Resources */ = {isa = PBXBuildFile; fileRef = 091489EF19220DF00040F7C5 /* AppImages.xcassets */; };
		09ACA51319D337C100C22FA2 /* scrabbleKeyboard.xcassets in Resources */ = {isa = PBXBuildFile; fileRef = 09ACA50F19D3360200C22FA2 /* scrabbleKeyboard.xcassets */; };
		09D3F3D719C1AC9F0026277A /* Foundation.framework in Frameworks */ = {isa = PBXBuildFile; fileRef = 091489D419220DF00040F7C5 /* Foundation.framework */; };
		09D3F3DC19C1AC9F0026277A /* S4MKKeyboard.h in CopyFiles */ = {isa = PBXBuildFile; fileRef = 09D3F3DB19C1AC9F0026277A /* S4MKKeyboard.h */; };
		09D3F3DE19C1AC9F0026277A /* S4MKKeyboard.m in Sources */ = {isa = PBXBuildFile; fileRef = 09D3F3DD19C1AC9F0026277A /* S4MKKeyboard.m */; };
		09D3F40119C1AD2F0026277A /* SKGameController.h in Headers */ = {isa = PBXBuildFile; fileRef = 09148A391923A91A0040F7C5 /* SKGameController.h */; settings = {ATTRIBUTES = (Public, ); }; };
		09D3F40419C1B2040026277A /* SKGameData.m in Sources */ = {isa = PBXBuildFile; fileRef = 09148A341923A7EE0040F7C5 /* SKGameData.m */; };
		09D3F40519C1B2040026277A /* SKTileView.m in Sources */ = {isa = PBXBuildFile; fileRef = 09148A1C19224EB80040F7C5 /* SKTileView.m */; };
		09D3F40619C1B2040026277A /* SKTargetView.m in Sources */ = {isa = PBXBuildFile; fileRef = 09148A281922B84B0040F7C5 /* SKTargetView.m */; };
		09D3F40719C1B2040026277A /* SKStopwatchView.m in Sources */ = {isa = PBXBuildFile; fileRef = 09148A2B192364CE0040F7C5 /* SKStopwatchView.m */; };
		09D3F40819C1B2040026277A /* SKHUDView.m in Sources */ = {isa = PBXBuildFile; fileRef = 09148A2E1923696B0040F7C5 /* SKHUDView.m */; };
		09D3F40919C1B2040026277A /* SKCounterLabelView.m in Sources */ = {isa = PBXBuildFile; fileRef = 09148A3D1923B4100040F7C5 /* SKCounterLabelView.m */; };
		09D3F40A19C1B2040026277A /* SKExplodeView.m in Sources */ = {isa = PBXBuildFile; fileRef = 09148A491924BC840040F7C5 /* SKExplodeView.m */; };
		09D3F40B19C1B2040026277A /* SKStarDustView.m in Sources */ = {isa = PBXBuildFile; fileRef = 09148A4E1924C3A10040F7C5 /* SKStarDustView.m */; };
		09D3F40C19C1B2040026277A /* SKViewController.m in Sources */ = {isa = PBXBuildFile; fileRef = 091489ED19220DF00040F7C5 /* SKViewController.m */; };
		09D3F40D19C1B2040026277A /* SKGameController.m in Sources */ = {isa = PBXBuildFile; fileRef = 09148A3A1923A92A0040F7C5 /* SKGameController.m */; };
		09D3F40F19C1B2140026277A /* SKTileView.h in Headers */ = {isa = PBXBuildFile; fileRef = 09148A1B19224EB80040F7C5 /* SKTileView.h */; settings = {ATTRIBUTES = (Public, ); }; };
		09D3F41019C1B22A0026277A /* SKHUDView.h in Headers */ = {isa = PBXBuildFile; fileRef = 09148A2D1923696B0040F7C5 /* SKHUDView.h */; settings = {ATTRIBUTES = (Public, ); }; };
		09D3F41119C1B2500026277A /* SKStopwatchView.h in Headers */ = {isa = PBXBuildFile; fileRef = 09148A2A192364CE0040F7C5 /* SKStopwatchView.h */; settings = {ATTRIBUTES = (Public, ); }; };
		09D3F41219C1B26B0026277A /* SKGameData.h in Headers */ = {isa = PBXBuildFile; fileRef = 09148A331923A7DC0040F7C5 /* SKGameData.h */; settings = {ATTRIBUTES = (Public, ); }; };
		09D3F41319C1B26B0026277A /* SKTargetView.h in Headers */ = {isa = PBXBuildFile; fileRef = 09148A271922B84B0040F7C5 /* SKTargetView.h */; settings = {ATTRIBUTES = (Public, ); }; };
		09D3F41419C1B26B0026277A /* SKCounterLabelView.h in Headers */ = {isa = PBXBuildFile; fileRef = 09148A3C1923B4100040F7C5 /* SKCounterLabelView.h */; settings = {ATTRIBUTES = (Public, ); }; };
		09D3F41519C1B26B0026277A /* SKStarDustView.h in Headers */ = {isa = PBXBuildFile; fileRef = 09148A4D1924C3A10040F7C5 /* SKStarDustView.h */; settings = {ATTRIBUTES = (Public, ); }; };
		09D3F41619C1B26B0026277A /* SKViewController.h in Headers */ = {isa = PBXBuildFile; fileRef = 091489EC19220DF00040F7C5 /* SKViewController.h */; settings = {ATTRIBUTES = (Public, ); }; };
		09D3F43019C1F1330026277A /* SKBoardController.m in Sources */ = {isa = PBXBuildFile; fileRef = 09D3F42619C1F1330026277A /* SKBoardController.m */; };
		09D3F43119C1F1330026277A /* SKKeyboardController.m in Sources */ = {isa = PBXBuildFile; fileRef = 09D3F42919C1F1330026277A /* SKKeyboardController.m */; };
		09D3F43219C1F1330026277A /* SKScrabbleBoardController.m in Sources */ = {isa = PBXBuildFile; fileRef = 09D3F42B19C1F1330026277A /* SKScrabbleBoardController.m */; };
		09D3F43519C1F61D0026277A /* SKExplodeView.h in Headers */ = {isa = PBXBuildFile; fileRef = 09148A481924BC840040F7C5 /* SKExplodeView.h */; settings = {ATTRIBUTES = (Public, ); }; };
		09D3F43619C1F61D0026277A /* SKBoardController.h in Headers */ = {isa = PBXBuildFile; fileRef = 09D3F42519C1F1330026277A /* SKBoardController.h */; settings = {ATTRIBUTES = (Public, ); }; };
		09D3F43719C1F61D0026277A /* SKDictWordResult.h in Headers */ = {isa = PBXBuildFile; fileRef = 09D3F42719C1F1330026277A /* SKDictWordResult.h */; settings = {ATTRIBUTES = (Public, ); }; };
		09D3F43819C1F61D0026277A /* SKScrabbleBoardController.h in Headers */ = {isa = PBXBuildFile; fileRef = 09D3F42A19C1F1330026277A /* SKScrabbleBoardController.h */; settings = {ATTRIBUTES = (Public, ); }; };
		09D3F43919C1F63B0026277A /* SKBoardController.m in Sources */ = {isa = PBXBuildFile; fileRef = 09D3F42619C1F1330026277A /* SKBoardController.m */; };
		09D3F43A19C1F63B0026277A /* SKKeyboardController.m in Sources */ = {isa = PBXBuildFile; fileRef = 09D3F42919C1F1330026277A /* SKKeyboardController.m */; };
		09D3F43B19C1F63B0026277A /* SKScrabbleBoardController.m in Sources */ = {isa = PBXBuildFile; fileRef = 09D3F42B19C1F1330026277A /* SKScrabbleBoardController.m */; };
		09D3F43C19C2F26E0026277A /* CoreGraphics.framework in Frameworks */ = {isa = PBXBuildFile; fileRef = 091489D619220DF00040F7C5 /* CoreGraphics.framework */; };
		09D3F43D19C2F2760026277A /* UIKit.framework in Frameworks */ = {isa = PBXBuildFile; fileRef = 091489D819220DF00040F7C5 /* UIKit.framework */; };
		09D3F44819C85F470026277A /* SKTile.m in Sources */ = {isa = PBXBuildFile; fileRef = 09D3F44719C85F470026277A /* SKTile.m */; };
		09D3F44919C85F670026277A /* SKTile.m in Sources */ = {isa = PBXBuildFile; fileRef = 09D3F44719C85F470026277A /* SKTile.m */; };
		09D3F44E19C8609B0026277A /* SKTarget.h in Headers */ = {isa = PBXBuildFile; fileRef = 09D3F44C19C8609B0026277A /* SKTarget.h */; settings = {ATTRIBUTES = (Public, ); }; };
		09D3F44F19C8609B0026277A /* SKTarget.m in Sources */ = {isa = PBXBuildFile; fileRef = 09D3F44D19C8609B0026277A /* SKTarget.m */; };
		09D3F45019C8609B0026277A /* SKTarget.m in Sources */ = {isa = PBXBuildFile; fileRef = 09D3F44D19C8609B0026277A /* SKTarget.m */; };
		09D3F45319C8D1B50026277A /* SKTile.h in Headers */ = {isa = PBXBuildFile; fileRef = 09D3F44619C85F470026277A /* SKTile.h */; settings = {ATTRIBUTES = (Public, ); }; };
/* End PBXBuildFile section */

/* Begin PBXCopyFilesBuildPhase section */
		09D3F3D419C1AC9F0026277A /* CopyFiles */ = {
			isa = PBXCopyFilesBuildPhase;
			buildActionMask = 2147483647;
			dstPath = "include/$(PRODUCT_NAME)";
			dstSubfolderSpec = 16;
			files = (
				09D3F3DC19C1AC9F0026277A /* S4MKKeyboard.h in CopyFiles */,
			);
			runOnlyForDeploymentPostprocessing = 0;
		};
/* End PBXCopyFilesBuildPhase section */

/* Begin PBXFileReference section */
		091489D119220DF00040F7C5 /* scrabbleKeyboard.app */ = {isa = PBXFileReference; explicitFileType = wrapper.application; includeInIndex = 0; path = scrabbleKeyboard.app; sourceTree = BUILT_PRODUCTS_DIR; };
		091489D419220DF00040F7C5 /* Foundation.framework */ = {isa = PBXFileReference; lastKnownFileType = wrapper.framework; name = Foundation.framework; path = System/Library/Frameworks/Foundation.framework; sourceTree = SDKROOT; };
		091489D619220DF00040F7C5 /* CoreGraphics.framework */ = {isa = PBXFileReference; lastKnownFileType = wrapper.framework; name = CoreGraphics.framework; path = System/Library/Frameworks/CoreGraphics.framework; sourceTree = SDKROOT; };
		091489D819220DF00040F7C5 /* UIKit.framework */ = {isa = PBXFileReference; lastKnownFileType = wrapper.framework; name = UIKit.framework; path = System/Library/Frameworks/UIKit.framework; sourceTree = SDKROOT; };
		091489DC19220DF00040F7C5 /* scrabbleKeyboard-Info.plist */ = {isa = PBXFileReference; lastKnownFileType = text.plist.xml; path = "scrabbleKeyboard-Info.plist"; sourceTree = "<group>"; };
		091489E019220DF00040F7C5 /* main.m */ = {isa = PBXFileReference; lastKnownFileType = sourcecode.c.objc; path = main.m; sourceTree = "<group>"; };
		091489E219220DF00040F7C5 /* scrabbleKeyboard-Prefix.pch */ = {isa = PBXFileReference; lastKnownFileType = sourcecode.c.h; path = "scrabbleKeyboard-Prefix.pch"; sourceTree = "<group>"; };
		091489E319220DF00040F7C5 /* SKAppDelegate.h */ = {isa = PBXFileReference; lastKnownFileType = sourcecode.c.h; path = SKAppDelegate.h; sourceTree = "<group>"; };
		091489E419220DF00040F7C5 /* SKAppDelegate.m */ = {isa = PBXFileReference; lastKnownFileType = sourcecode.c.objc; path = SKAppDelegate.m; sourceTree = "<group>"; };
		091489EC19220DF00040F7C5 /* SKViewController.h */ = {isa = PBXFileReference; lastKnownFileType = sourcecode.c.h; path = SKViewController.h; sourceTree = "<group>"; };
		091489ED19220DF00040F7C5 /* SKViewController.m */ = {isa = PBXFileReference; lastKnownFileType = sourcecode.c.objc; path = SKViewController.m; sourceTree = "<group>"; };
		091489EF19220DF00040F7C5 /* AppImages.xcassets */ = {isa = PBXFileReference; lastKnownFileType = folder.assetcatalog; path = AppImages.xcassets; sourceTree = "<group>"; };
		09148A1B19224EB80040F7C5 /* SKTileView.h */ = {isa = PBXFileReference; fileEncoding = 4; lastKnownFileType = sourcecode.c.h; path = SKTileView.h; sourceTree = "<group>"; };
		09148A1C19224EB80040F7C5 /* SKTileView.m */ = {isa = PBXFileReference; fileEncoding = 4; lastKnownFileType = sourcecode.c.objc; path = SKTileView.m; sourceTree = "<group>"; };
		09148A271922B84B0040F7C5 /* SKTargetView.h */ = {isa = PBXFileReference; fileEncoding = 4; lastKnownFileType = sourcecode.c.h; path = SKTargetView.h; sourceTree = "<group>"; };
		09148A281922B84B0040F7C5 /* SKTargetView.m */ = {isa = PBXFileReference; fileEncoding = 4; lastKnownFileType = sourcecode.c.objc; path = SKTargetView.m; sourceTree = "<group>"; };
		09148A2A192364CE0040F7C5 /* SKStopwatchView.h */ = {isa = PBXFileReference; fileEncoding = 4; lastKnownFileType = sourcecode.c.h; path = SKStopwatchView.h; sourceTree = "<group>"; };
		09148A2B192364CE0040F7C5 /* SKStopwatchView.m */ = {isa = PBXFileReference; fileEncoding = 4; lastKnownFileType = sourcecode.c.objc; path = SKStopwatchView.m; sourceTree = "<group>"; };
		09148A2D1923696B0040F7C5 /* SKHUDView.h */ = {isa = PBXFileReference; fileEncoding = 4; lastKnownFileType = sourcecode.c.h; path = SKHUDView.h; sourceTree = "<group>"; };
		09148A2E1923696B0040F7C5 /* SKHUDView.m */ = {isa = PBXFileReference; fileEncoding = 4; lastKnownFileType = sourcecode.c.objc; path = SKHUDView.m; sourceTree = "<group>"; };
		09148A331923A7DC0040F7C5 /* SKGameData.h */ = {isa = PBXFileReference; fileEncoding = 4; lastKnownFileType = sourcecode.c.h; path = SKGameData.h; sourceTree = "<group>"; };
		09148A341923A7EE0040F7C5 /* SKGameData.m */ = {isa = PBXFileReference; fileEncoding = 4; lastKnownFileType = sourcecode.c.objc; path = SKGameData.m; sourceTree = "<group>"; };
		09148A391923A91A0040F7C5 /* SKGameController.h */ = {isa = PBXFileReference; fileEncoding = 4; lastKnownFileType = sourcecode.c.h; path = SKGameController.h; sourceTree = "<group>"; };
		09148A3A1923A92A0040F7C5 /* SKGameController.m */ = {isa = PBXFileReference; fileEncoding = 4; lastKnownFileType = sourcecode.c.objc; path = SKGameController.m; sourceTree = "<group>"; };
		09148A3C1923B4100040F7C5 /* SKCounterLabelView.h */ = {isa = PBXFileReference; fileEncoding = 4; lastKnownFileType = sourcecode.c.h; path = SKCounterLabelView.h; sourceTree = "<group>"; };
		09148A3D1923B4100040F7C5 /* SKCounterLabelView.m */ = {isa = PBXFileReference; fileEncoding = 4; lastKnownFileType = sourcecode.c.objc; path = SKCounterLabelView.m; sourceTree = "<group>"; };
		09148A481924BC840040F7C5 /* SKExplodeView.h */ = {isa = PBXFileReference; fileEncoding = 4; lastKnownFileType = sourcecode.c.h; path = SKExplodeView.h; sourceTree = "<group>"; };
		09148A491924BC840040F7C5 /* SKExplodeView.m */ = {isa = PBXFileReference; fileEncoding = 4; lastKnownFileType = sourcecode.c.objc; path = SKExplodeView.m; sourceTree = "<group>"; };
		09148A4D1924C3A10040F7C5 /* SKStarDustView.h */ = {isa = PBXFileReference; fileEncoding = 4; lastKnownFileType = sourcecode.c.h; path = SKStarDustView.h; sourceTree = "<group>"; };
		09148A4E1924C3A10040F7C5 /* SKStarDustView.m */ = {isa = PBXFileReference; fileEncoding = 4; lastKnownFileType = sourcecode.c.objc; path = SKStarDustView.m; sourceTree = "<group>"; };
		09A5B1AC19C980F500EA02BD /* Base */ = {isa = PBXFileReference; lastKnownFileType = file.storyboard; name = Base; path = Base.lproj/SKScrabbleKeyboard.storyboard; sourceTree = "<group>"; };
		09ACA50F19D3360200C22FA2 /* scrabbleKeyboard.xcassets */ = {isa = PBXFileReference; lastKnownFileType = folder.assetcatalog; path = scrabbleKeyboard.xcassets; sourceTree = "<group>"; };
		09D3F3D619C1AC9F0026277A /* libS4MKKeyboard.a */ = {isa = PBXFileReference; explicitFileType = archive.ar; includeInIndex = 0; path = libS4MKKeyboard.a; sourceTree = BUILT_PRODUCTS_DIR; };
		09D3F3DA19C1AC9F0026277A /* S4MKKeyboard-Prefix.pch */ = {isa = PBXFileReference; lastKnownFileType = sourcecode.c.h; path = "S4MKKeyboard-Prefix.pch"; sourceTree = "<group>"; };
		09D3F3DB19C1AC9F0026277A /* S4MKKeyboard.h */ = {isa = PBXFileReference; lastKnownFileType = sourcecode.c.h; name = S4MKKeyboard.h; path = S4MKKeyboard/S4MKKeyboard.h; sourceTree = "<group>"; };
		09D3F3DD19C1AC9F0026277A /* S4MKKeyboard.m */ = {isa = PBXFileReference; lastKnownFileType = sourcecode.c.objc; name = S4MKKeyboard.m; path = S4MKKeyboard/S4MKKeyboard.m; sourceTree = "<group>"; };
		09D3F42519C1F1330026277A /* SKBoardController.h */ = {isa = PBXFileReference; fileEncoding = 4; lastKnownFileType = sourcecode.c.h; path = SKBoardController.h; sourceTree = "<group>"; };
		09D3F42619C1F1330026277A /* SKBoardController.m */ = {isa = PBXFileReference; fileEncoding = 4; lastKnownFileType = sourcecode.c.objc; path = SKBoardController.m; sourceTree = "<group>"; };
		09D3F42719C1F1330026277A /* SKDictWordResult.h */ = {isa = PBXFileReference; fileEncoding = 4; lastKnownFileType = sourcecode.c.h; path = SKDictWordResult.h; sourceTree = "<group>"; };
		09D3F42819C1F1330026277A /* SKKeyboardController.h */ = {isa = PBXFileReference; fileEncoding = 4; lastKnownFileType = sourcecode.c.h; path = SKKeyboardController.h; sourceTree = "<group>"; };
		09D3F42919C1F1330026277A /* SKKeyboardController.m */ = {isa = PBXFileReference; fileEncoding = 4; lastKnownFileType = sourcecode.c.objc; path = SKKeyboardController.m; sourceTree = "<group>"; };
		09D3F42A19C1F1330026277A /* SKScrabbleBoardController.h */ = {isa = PBXFileReference; fileEncoding = 4; lastKnownFileType = sourcecode.c.h; path = SKScrabbleBoardController.h; sourceTree = "<group>"; };
		09D3F42B19C1F1330026277A /* SKScrabbleBoardController.m */ = {isa = PBXFileReference; fileEncoding = 4; lastKnownFileType = sourcecode.c.objc; path = SKScrabbleBoardController.m; sourceTree = "<group>"; };
		09D3F44619C85F470026277A /* SKTile.h */ = {isa = PBXFileReference; fileEncoding = 4; lastKnownFileType = sourcecode.c.h; path = SKTile.h; sourceTree = "<group>"; };
		09D3F44719C85F470026277A /* SKTile.m */ = {isa = PBXFileReference; fileEncoding = 4; lastKnownFileType = sourcecode.c.objc; path = SKTile.m; sourceTree = "<group>"; };
		09D3F44C19C8609B0026277A /* SKTarget.h */ = {isa = PBXFileReference; fileEncoding = 4; lastKnownFileType = sourcecode.c.h; path = SKTarget.h; sourceTree = "<group>"; };
		09D3F44D19C8609B0026277A /* SKTarget.m */ = {isa = PBXFileReference; fileEncoding = 4; lastKnownFileType = sourcecode.c.objc; path = SKTarget.m; sourceTree = "<group>"; };
/* End PBXFileReference section */

/* Begin PBXFrameworksBuildPhase section */
		091489CE19220DF00040F7C5 /* Frameworks */ = {
			isa = PBXFrameworksBuildPhase;
			buildActionMask = 2147483647;
			files = (
				091489D719220DF00040F7C5 /* CoreGraphics.framework in Frameworks */,
				091489D919220DF00040F7C5 /* UIKit.framework in Frameworks */,
				091489D519220DF00040F7C5 /* Foundation.framework in Frameworks */,
			);
			runOnlyForDeploymentPostprocessing = 0;
		};
		09D3F3D319C1AC9F0026277A /* Frameworks */ = {
			isa = PBXFrameworksBuildPhase;
			buildActionMask = 2147483647;
			files = (
				09D3F43D19C2F2760026277A /* UIKit.framework in Frameworks */,
				09D3F43C19C2F26E0026277A /* CoreGraphics.framework in Frameworks */,
				09D3F3D719C1AC9F0026277A /* Foundation.framework in Frameworks */,
			);
			runOnlyForDeploymentPostprocessing = 0;
		};
/* End PBXFrameworksBuildPhase section */

/* Begin PBXGroup section */
		091489C819220DF00040F7C5 = {
			isa = PBXGroup;
			children = (
				09D3F43319C1F42B0026277A /* Classes */,
				09148A1E1922507A0040F7C5 /* Assets */,
				09D3F43419C1F5970026277A /* Target specific */,
				091489D319220DF00040F7C5 /* Frameworks */,
				091489D219220DF00040F7C5 /* Products */,
			);
			sourceTree = "<group>";
		};
		091489D219220DF00040F7C5 /* Products */ = {
			isa = PBXGroup;
			children = (
				091489D119220DF00040F7C5 /* scrabbleKeyboard.app */,
				09D3F3D619C1AC9F0026277A /* libS4MKKeyboard.a */,
			);
			name = Products;
			sourceTree = "<group>";
		};
		091489D319220DF00040F7C5 /* Frameworks */ = {
			isa = PBXGroup;
			children = (
				091489D419220DF00040F7C5 /* Foundation.framework */,
				091489D619220DF00040F7C5 /* CoreGraphics.framework */,
				091489D819220DF00040F7C5 /* UIKit.framework */,
			);
			name = Frameworks;
			sourceTree = "<group>";
		};
		091489DA19220DF00040F7C5 /* scrabbleKeyboard App */ = {
			isa = PBXGroup;
			children = (
				091489E319220DF00040F7C5 /* SKAppDelegate.h */,
				091489E419220DF00040F7C5 /* SKAppDelegate.m */,
				091489EC19220DF00040F7C5 /* SKViewController.h */,
				091489ED19220DF00040F7C5 /* SKViewController.m */,
				09A5B1AB19C980F500EA02BD /* SKScrabbleKeyboard.storyboard */,
				091489EF19220DF00040F7C5 /* AppImages.xcassets */,
				091489DB19220DF00040F7C5 /* Supporting Files */,
			);
			name = "scrabbleKeyboard App";
			path = scrabbleKeyboard;
			sourceTree = "<group>";
		};
		091489DB19220DF00040F7C5 /* Supporting Files */ = {
			isa = PBXGroup;
			children = (
				091489DC19220DF00040F7C5 /* scrabbleKeyboard-Info.plist */,
				091489E019220DF00040F7C5 /* main.m */,
				091489E219220DF00040F7C5 /* scrabbleKeyboard-Prefix.pch */,
			);
			name = "Supporting Files";
			sourceTree = "<group>";
		};
		09148A131922385D0040F7C5 /* Model */ = {
			isa = PBXGroup;
			children = (
				09148A331923A7DC0040F7C5 /* SKGameData.h */,
				09148A341923A7EE0040F7C5 /* SKGameData.m */,
				09D3F44619C85F470026277A /* SKTile.h */,
				09D3F44719C85F470026277A /* SKTile.m */,
				09D3F44C19C8609B0026277A /* SKTarget.h */,
				09D3F44D19C8609B0026277A /* SKTarget.m */,
			);
			name = Model;
			path = scrabbleKeyboard;
			sourceTree = "<group>";
		};
		09148A141922386B0040F7C5 /* Controller */ = {
			isa = PBXGroup;
			children = (
				09148A391923A91A0040F7C5 /* SKGameController.h */,
				09148A3A1923A92A0040F7C5 /* SKGameController.m */,
				09D3F44519C845660026277A /* boardController */,
			);
			name = Controller;
			path = scrabbleKeyboard;
			sourceTree = "<group>";
		};
		09148A1A19224E7D0040F7C5 /* View */ = {
			isa = PBXGroup;
			children = (
				09D3F45219C878970026277A /* scrabbleBoard */,
				09148A2A192364CE0040F7C5 /* SKStopwatchView.h */,
				09148A2B192364CE0040F7C5 /* SKStopwatchView.m */,
				09148A2D1923696B0040F7C5 /* SKHUDView.h */,
				09148A2E1923696B0040F7C5 /* SKHUDView.m */,
				09148A3C1923B4100040F7C5 /* SKCounterLabelView.h */,
				09148A3D1923B4100040F7C5 /* SKCounterLabelView.m */,
				09148A481924BC840040F7C5 /* SKExplodeView.h */,
				09148A491924BC840040F7C5 /* SKExplodeView.m */,
				09148A4D1924C3A10040F7C5 /* SKStarDustView.h */,
				09148A4E1924C3A10040F7C5 /* SKStarDustView.m */,
			);
			name = View;
			path = scrabbleKeyboard;
			sourceTree = "<group>";
		};
		09148A1E1922507A0040F7C5 /* Assets */ = {
			isa = PBXGroup;
			children = (
				09ACA50F19D3360200C22FA2 /* scrabbleKeyboard.xcassets */,
			);
			name = Assets;
			path = scrabbleKeyboard;
			sourceTree = "<group>";
		};
		09A5B1AA19C97C9E00EA02BD /* not used yet */ = {
			isa = PBXGroup;
			children = (
				09D3F42819C1F1330026277A /* SKKeyboardController.h */,
				09D3F42919C1F1330026277A /* SKKeyboardController.m */,
			);
			name = "not used yet";
			sourceTree = "<group>";
		};
		09D3F3D919C1AC9F0026277A /* Supporting Files */ = {
			isa = PBXGroup;
			children = (
				09D3F3DA19C1AC9F0026277A /* S4MKKeyboard-Prefix.pch */,
			);
			name = "Supporting Files";
			path = S4MKKeyboard;
			sourceTree = "<group>";
		};
		09D3F43319C1F42B0026277A /* Classes */ = {
			isa = PBXGroup;
			children = (
				09148A131922385D0040F7C5 /* Model */,
				09148A1A19224E7D0040F7C5 /* View */,
				09148A141922386B0040F7C5 /* Controller */,
			);
			name = Classes;
			sourceTree = "<group>";
		};
		09D3F43419C1F5970026277A /* Target specific */ = {
			isa = PBXGroup;
			children = (
				091489DA19220DF00040F7C5 /* scrabbleKeyboard App */,
				09D3F44319C34A2A0026277A /* S4MKKeyboardLibrairy */,
			);
			name = "Target specific";
			sourceTree = "<group>";
		};
		09D3F44319C34A2A0026277A /* S4MKKeyboardLibrairy */ = {
			isa = PBXGroup;
			children = (
				09D3F3DB19C1AC9F0026277A /* S4MKKeyboard.h */,
				09D3F3DD19C1AC9F0026277A /* S4MKKeyboard.m */,
				09D3F3D919C1AC9F0026277A /* Supporting Files */,
			);
			name = S4MKKeyboardLibrairy;
			sourceTree = "<group>";
		};
		09D3F44519C845660026277A /* boardController */ = {
			isa = PBXGroup;
			children = (
				09D3F42719C1F1330026277A /* SKDictWordResult.h */,
				09D3F42519C1F1330026277A /* SKBoardController.h */,
				09D3F42619C1F1330026277A /* SKBoardController.m */,
				09D3F42A19C1F1330026277A /* SKScrabbleBoardController.h */,
				09D3F42B19C1F1330026277A /* SKScrabbleBoardController.m */,
				09A5B1AA19C97C9E00EA02BD /* not used yet */,
			);
			name = boardController;
			sourceTree = "<group>";
		};
		09D3F45219C878970026277A /* scrabbleBoard */ = {
			isa = PBXGroup;
			children = (
				09148A1B19224EB80040F7C5 /* SKTileView.h */,
				09148A1C19224EB80040F7C5 /* SKTileView.m */,
				09148A271922B84B0040F7C5 /* SKTargetView.h */,
				09148A281922B84B0040F7C5 /* SKTargetView.m */,
			);
			name = scrabbleBoard;
			sourceTree = "<group>";
		};
/* End PBXGroup section */

/* Begin PBXHeadersBuildPhase section */
		09D3F40019C1AD080026277A /* Headers */ = {
			isa = PBXHeadersBuildPhase;
			buildActionMask = 2147483647;
			files = (
				09D3F40119C1AD2F0026277A /* SKGameController.h in Headers */,
				09D3F41019C1B22A0026277A /* SKHUDView.h in Headers */,
				09D3F41119C1B2500026277A /* SKStopwatchView.h in Headers */,
				09D3F40F19C1B2140026277A /* SKTileView.h in Headers */,
				09D3F41219C1B26B0026277A /* SKGameData.h in Headers */,
				09D3F44E19C8609B0026277A /* SKTarget.h in Headers */,
				09D3F45319C8D1B50026277A /* SKTile.h in Headers */,
				09D3F41319C1B26B0026277A /* SKTargetView.h in Headers */,
				09D3F41419C1B26B0026277A /* SKCounterLabelView.h in Headers */,
				09D3F41519C1B26B0026277A /* SKStarDustView.h in Headers */,
				09D3F41619C1B26B0026277A /* SKViewController.h in Headers */,
				09D3F43519C1F61D0026277A /* SKExplodeView.h in Headers */,
				09D3F43619C1F61D0026277A /* SKBoardController.h in Headers */,
				09D3F43719C1F61D0026277A /* SKDictWordResult.h in Headers */,
				09D3F43819C1F61D0026277A /* SKScrabbleBoardController.h in Headers */,
			);
			runOnlyForDeploymentPostprocessing = 0;
		};
/* End PBXHeadersBuildPhase section */

/* Begin PBXNativeTarget section */
		091489D019220DF00040F7C5 /* scrabbleKeyboard */ = {
			isa = PBXNativeTarget;
			buildConfigurationList = 09148A0619220DF00040F7C5 /* Build configuration list for PBXNativeTarget "scrabbleKeyboard" */;
			buildPhases = (
				091489CD19220DF00040F7C5 /* Sources */,
				091489CE19220DF00040F7C5 /* Frameworks */,
				091489CF19220DF00040F7C5 /* Resources */,
			);
			buildRules = (
			);
			dependencies = (
			);
			name = scrabbleKeyboard;
			productName = scrabbleKeyboard;
			productReference = 091489D119220DF00040F7C5 /* scrabbleKeyboard.app */;
			productType = "com.apple.product-type.application";
		};
		09D3F3D519C1AC9F0026277A /* S4MKKeyboard */ = {
			isa = PBXNativeTarget;
			buildConfigurationList = 09D3F3F219C1ACA00026277A /* Build configuration list for PBXNativeTarget "S4MKKeyboard" */;
			buildPhases = (
				09D3F3D219C1AC9F0026277A /* Sources */,
				09D3F3D319C1AC9F0026277A /* Frameworks */,
				09D3F3D419C1AC9F0026277A /* CopyFiles */,
				09D3F40019C1AD080026277A /* Headers */,
				09ACA51219D337B800C22FA2 /* Resources */,
			);
			buildRules = (
			);
			dependencies = (
			);
			name = S4MKKeyboard;
			productName = S4MKKeyboard;
			productReference = 09D3F3D619C1AC9F0026277A /* libS4MKKeyboard.a */;
			productType = "com.apple.product-type.library.static";
		};
/* End PBXNativeTarget section */

/* Begin PBXProject section */
		091489C919220DF00040F7C5 /* Project object */ = {
			isa = PBXProject;
			attributes = {
				CLASSPREFIX = SK;
				LastUpgradeCheck = 0510;
				ORGANIZATIONNAME = lagspoon.scrabbleKeyboard;
			};
			buildConfigurationList = 091489CC19220DF00040F7C5 /* Build configuration list for PBXProject "scrabbleKeyboard" */;
			compatibilityVersion = "Xcode 3.2";
			developmentRegion = English;
			hasScannedForEncodings = 0;
			knownRegions = (
				en,
				Base,
			);
			mainGroup = 091489C819220DF00040F7C5;
			productRefGroup = 091489D219220DF00040F7C5 /* Products */;
			projectDirPath = "";
			projectRoot = "";
			targets = (
				091489D019220DF00040F7C5 /* scrabbleKeyboard */,
				09D3F3D519C1AC9F0026277A /* S4MKKeyboard */,
			);
		};
/* End PBXProject section */

/* Begin PBXResourcesBuildPhase section */
		091489CF19220DF00040F7C5 /* Resources */ = {
			isa = PBXResourcesBuildPhase;
			buildActionMask = 2147483647;
			files = (
				09A5B1AD19C980F500EA02BD /* SKScrabbleKeyboard.storyboard in Resources */,
				09ACA51119D3378F00C22FA2 /* AppImages.xcassets in Resources */,
				09ACA51019D3360200C22FA2 /* scrabbleKeyboard.xcassets in Resources */,
			);
			runOnlyForDeploymentPostprocessing = 0;
		};
		09ACA51219D337B800C22FA2 /* Resources */ = {
			isa = PBXResourcesBuildPhase;
			buildActionMask = 2147483647;
			files = (
				09ACA51319D337C100C22FA2 /* scrabbleKeyboard.xcassets in Resources */,
			);
			runOnlyForDeploymentPostprocessing = 0;
		};
/* End PBXResourcesBuildPhase section */

/* Begin PBXSourcesBuildPhase section */
		091489CD19220DF00040F7C5 /* Sources */ = {
			isa = PBXSourcesBuildPhase;
			buildActionMask = 2147483647;
			files = (
				09D3F44F19C8609B0026277A /* SKTarget.m in Sources */,
				09148A351923A7EE0040F7C5 /* SKGameData.m in Sources */,
				091489E519220DF00040F7C5 /* SKAppDelegate.m in Sources */,
				09D3F44819C85F470026277A /* SKTile.m in Sources */,
				09148A4A1924BC840040F7C5 /* SKExplodeView.m in Sources */,
				09D3F43119C1F1330026277A /* SKKeyboardController.m in Sources */,
				09148A2C192364CE0040F7C5 /* SKStopwatchView.m in Sources */,
				09D3F43019C1F1330026277A /* SKBoardController.m in Sources */,
				09148A3E1923B4100040F7C5 /* SKCounterLabelView.m in Sources */,
				09148A4F1924C3A10040F7C5 /* SKStarDustView.m in Sources */,
				09148A1D19224EB80040F7C5 /* SKTileView.m in Sources */,
				09D3F43219C1F1330026277A /* SKScrabbleBoardController.m in Sources */,
				09148A3B1923A92A0040F7C5 /* SKGameController.m in Sources */,
				091489EE19220DF00040F7C5 /* SKViewController.m in Sources */,
				09148A2F1923696B0040F7C5 /* SKHUDView.m in Sources */,
				091489E119220DF00040F7C5 /* main.m in Sources */,
				09148A291922B84B0040F7C5 /* SKTargetView.m in Sources */,
			);
			runOnlyForDeploymentPostprocessing = 0;
		};
		09D3F3D219C1AC9F0026277A /* Sources */ = {
			isa = PBXSourcesBuildPhase;
			buildActionMask = 2147483647;
			files = (
				09D3F43919C1F63B0026277A /* SKBoardController.m in Sources */,
				09D3F43A19C1F63B0026277A /* SKKeyboardController.m in Sources */,
				09D3F43B19C1F63B0026277A /* SKScrabbleBoardController.m in Sources */,
				09D3F45019C8609B0026277A /* SKTarget.m in Sources */,
				09D3F40419C1B2040026277A /* SKGameData.m in Sources */,
				09D3F40519C1B2040026277A /* SKTileView.m in Sources */,
				09D3F40619C1B2040026277A /* SKTargetView.m in Sources */,
				09D3F40719C1B2040026277A /* SKStopwatchView.m in Sources */,
				09D3F44919C85F670026277A /* SKTile.m in Sources */,
				09D3F40819C1B2040026277A /* SKHUDView.m in Sources */,
				09D3F40919C1B2040026277A /* SKCounterLabelView.m in Sources */,
				09D3F40A19C1B2040026277A /* SKExplodeView.m in Sources */,
				09D3F40B19C1B2040026277A /* SKStarDustView.m in Sources */,
				09D3F40C19C1B2040026277A /* SKViewController.m in Sources */,
				09D3F40D19C1B2040026277A /* SKGameController.m in Sources */,
				09D3F3DE19C1AC9F0026277A /* S4MKKeyboard.m in Sources */,
			);
			runOnlyForDeploymentPostprocessing = 0;
		};
/* End PBXSourcesBuildPhase section */

/* Begin PBXVariantGroup section */
		09A5B1AB19C980F500EA02BD /* SKScrabbleKeyboard.storyboard */ = {
			isa = PBXVariantGroup;
			children = (
				09A5B1AC19C980F500EA02BD /* Base */,
			);
			name = SKScrabbleKeyboard.storyboard;
			sourceTree = "<group>";
		};
/* End PBXVariantGroup section */

/* Begin XCBuildConfiguration section */
		09148A0419220DF00040F7C5 /* Debug */ = {
			isa = XCBuildConfiguration;
			buildSettings = {
				ALWAYS_SEARCH_USER_PATHS = NO;
				CLANG_CXX_LANGUAGE_STANDARD = "gnu++0x";
				CLANG_CXX_LIBRARY = "libc++";
				CLANG_ENABLE_MODULES = YES;
				CLANG_ENABLE_OBJC_ARC = YES;
				CLANG_WARN_BOOL_CONVERSION = YES;
				CLANG_WARN_CONSTANT_CONVERSION = YES;
				CLANG_WARN_DIRECT_OBJC_ISA_USAGE = YES_ERROR;
				CLANG_WARN_EMPTY_BODY = YES;
				CLANG_WARN_ENUM_CONVERSION = YES;
				CLANG_WARN_INT_CONVERSION = YES;
				CLANG_WARN_OBJC_ROOT_CLASS = YES_ERROR;
				CLANG_WARN__DUPLICATE_METHOD_MATCH = YES;
				"CODE_SIGN_IDENTITY[sdk=iphoneos*]" = "iPhone Developer";
				COPY_PHASE_STRIP = NO;
				GCC_C_LANGUAGE_STANDARD = gnu99;
				GCC_DYNAMIC_NO_PIC = NO;
				GCC_OPTIMIZATION_LEVEL = 0;
				GCC_PREPROCESSOR_DEFINITIONS = (
					"DEBUG=1",
					"$(inherited)",
				);
				GCC_SYMBOLS_PRIVATE_EXTERN = NO;
				GCC_WARN_64_TO_32_BIT_CONVERSION = YES;
				GCC_WARN_ABOUT_RETURN_TYPE = YES_ERROR;
				GCC_WARN_UNDECLARED_SELECTOR = YES;
				GCC_WARN_UNINITIALIZED_AUTOS = YES_AGGRESSIVE;
				GCC_WARN_UNUSED_FUNCTION = YES;
				GCC_WARN_UNUSED_VARIABLE = YES;
				IPHONEOS_DEPLOYMENT_TARGET = 7.1;
				ONLY_ACTIVE_ARCH = YES;
				SDKROOT = iphoneos;
				TARGETED_DEVICE_FAMILY = "1,2";
			};
			name = Debug;
		};
		09148A0519220DF00040F7C5 /* Release */ = {
			isa = XCBuildConfiguration;
			buildSettings = {
				ALWAYS_SEARCH_USER_PATHS = NO;
				CLANG_CXX_LANGUAGE_STANDARD = "gnu++0x";
				CLANG_CXX_LIBRARY = "libc++";
				CLANG_ENABLE_MODULES = YES;
				CLANG_ENABLE_OBJC_ARC = YES;
				CLANG_WARN_BOOL_CONVERSION = YES;
				CLANG_WARN_CONSTANT_CONVERSION = YES;
				CLANG_WARN_DIRECT_OBJC_ISA_USAGE = YES_ERROR;
				CLANG_WARN_EMPTY_BODY = YES;
				CLANG_WARN_ENUM_CONVERSION = YES;
				CLANG_WARN_INT_CONVERSION = YES;
				CLANG_WARN_OBJC_ROOT_CLASS = YES_ERROR;
				CLANG_WARN__DUPLICATE_METHOD_MATCH = YES;
				"CODE_SIGN_IDENTITY[sdk=iphoneos*]" = "iPhone Developer";
				COPY_PHASE_STRIP = YES;
				ENABLE_NS_ASSERTIONS = NO;
				GCC_C_LANGUAGE_STANDARD = gnu99;
				GCC_WARN_64_TO_32_BIT_CONVERSION = YES;
				GCC_WARN_ABOUT_RETURN_TYPE = YES_ERROR;
				GCC_WARN_UNDECLARED_SELECTOR = YES;
				GCC_WARN_UNINITIALIZED_AUTOS = YES_AGGRESSIVE;
				GCC_WARN_UNUSED_FUNCTION = YES;
				GCC_WARN_UNUSED_VARIABLE = YES;
				IPHONEOS_DEPLOYMENT_TARGET = 7.1;
				SDKROOT = iphoneos;
				TARGETED_DEVICE_FAMILY = "1,2";
				VALIDATE_PRODUCT = YES;
			};
			name = Release;
		};
		09148A0719220DF00040F7C5 /* Debug */ = {
			isa = XCBuildConfiguration;
			buildSettings = {
				ASSETCATALOG_COMPILER_APPICON_NAME = AppIcon;
				ASSETCATALOG_COMPILER_LAUNCHIMAGE_NAME = LaunchImage;
				GCC_PRECOMPILE_PREFIX_HEADER = YES;
				GCC_PREFIX_HEADER = "scrabbleKeyboard/scrabbleKeyboard-Prefix.pch";
				INFOPLIST_FILE = "scrabbleKeyboard/scrabbleKeyboard-Info.plist";
				PRODUCT_NAME = "$(TARGET_NAME)";
				WRAPPER_EXTENSION = app;
			};
			name = Debug;
		};
		09148A0819220DF00040F7C5 /* Release */ = {
			isa = XCBuildConfiguration;
			buildSettings = {
				ASSETCATALOG_COMPILER_APPICON_NAME = AppIcon;
				ASSETCATALOG_COMPILER_LAUNCHIMAGE_NAME = LaunchImage;
				GCC_PRECOMPILE_PREFIX_HEADER = YES;
				GCC_PREFIX_HEADER = "scrabbleKeyboard/scrabbleKeyboard-Prefix.pch";
				INFOPLIST_FILE = "scrabbleKeyboard/scrabbleKeyboard-Info.plist";
				PRODUCT_NAME = "$(TARGET_NAME)";
				WRAPPER_EXTENSION = app;
			};
			name = Release;
		};
		09D3F3F319C1ACA00026277A /* Debug */ = {
			isa = XCBuildConfiguration;
			buildSettings = {
				DSTROOT = /tmp/S4MKKeyboard.dst;
				GCC_PRECOMPILE_PREFIX_HEADER = YES;
				GCC_PREFIX_HEADER = "S4MKKeyboard/S4MKKeyboard-Prefix.pch";
				GCC_PREPROCESSOR_DEFINITIONS = (
					"DEBUG=1",
					"$(inherited)",
				);
				LIBRARY_SEARCH_PATHS = "$(inherited)";
				OTHER_LDFLAGS = "-ObjC";
				PRODUCT_NAME = "$(TARGET_NAME)";
				PUBLIC_HEADERS_FOLDER_PATH = /include;
				SKIP_INSTALL = YES;
			};
			name = Debug;
		};
		09D3F3F419C1ACA00026277A /* Release */ = {
			isa = XCBuildConfiguration;
			buildSettings = {
				DSTROOT = /tmp/S4MKKeyboard.dst;
				GCC_PRECOMPILE_PREFIX_HEADER = YES;
				GCC_PREFIX_HEADER = "S4MKKeyboard/S4MKKeyboard-Prefix.pch";
				LIBRARY_SEARCH_PATHS = "$(inherited)";
				OTHER_LDFLAGS = "-ObjC";
				PRODUCT_NAME = "$(TARGET_NAME)";
				PUBLIC_HEADERS_FOLDER_PATH = /include;
				SKIP_INSTALL = YES;
			};
			name = Release;
		};
/* End XCBuildConfiguration section */

/* Begin XCConfigurationList section */
		091489CC19220DF00040F7C5 /* Build configuration list for PBXProject "scrabbleKeyboard" */ = {
			isa = XCConfigurationList;
			buildConfigurations = (
				09148A0419220DF00040F7C5 /* Debug */,
				09148A0519220DF00040F7C5 /* Release */,
			);
			defaultConfigurationIsVisible = 0;
			defaultConfigurationName = Release;
		};
		09148A0619220DF00040F7C5 /* Build configuration list for PBXNativeTarget "scrabbleKeyboard" */ = {
			isa = XCConfigurationList;
			buildConfigurations = (
				09148A0719220DF00040F7C5 /* Debug */,
				09148A0819220DF00040F7C5 /* Release */,
			);
			defaultConfigurationIsVisible = 0;
			defaultConfigurationName = Release;
		};
		09D3F3F219C1ACA00026277A /* Build configuration list for PBXNativeTarget "S4MKKeyboard" */ = {
			isa = XCConfigurationList;
			buildConfigurations = (
				09D3F3F319C1ACA00026277A /* Debug */,
				09D3F3F419C1ACA00026277A /* Release */,
			);
			defaultConfigurationIsVisible = 0;
			defaultConfigurationName = Release;
		};
/* End XCConfigurationList section */
	};
	rootObject = 091489C919220DF00040F7C5 /* Project object */;
}
